
Microsoft Visual Studio Solution File, Format Version 12.00
# Visual Studio Version 16
VisualStudioVersion = 16.0.32002.261
MinimumVisualStudioVersion = 10.0.40219.1
Project("{9A19103F-16F7-4668-BE54-9A1E7A4F7556}") = "30.05.22", "30.05.22\30.05.22.csproj", "{7363972D-F9CE-4097-95CA-E85EEAEC1A19}"
EndProject
Project("{9A19103F-16F7-4668-BE54-9A1E7A4F7556}") = "Items", "Items\Items.csproj", "{796A562A-4B4B-4955-B1F8-07F8E546EA8E}"
EndProject
Project("{9A19103F-16F7-4668-BE54-9A1E7A4F7556}") = "31.05.22", "31.05.22\31.05.22.csproj", "{71F6EF40-EA76-42CA-8186-8FFDA68FE01E}"
EndProject
Project("{9A19103F-16F7-4668-BE54-9A1E7A4F7556}") = "asmp", "asmp.31.05\asmp.csproj", "{09F2E2E9-0A91-480B-BF6A-1392E89BD0A2}"
EndProject
Project("{9A19103F-16F7-4668-BE54-9A1E7A4F7556}") = "02.06.22", "02.06.22\02.06.22.csproj", "{EBB4771A-42C7-474F-8378-25BCA112CA42}"
EndProject
Project("{9A19103F-16F7-4668-BE54-9A1E7A4F7556}") = "05.06.22", "05.06.22\05.06.22.csproj", "{9F988F85-E874-45F6-8A66-66E1D85A9E90}"
EndProject
Project("{9A19103F-16F7-4668-BE54-9A1E7A4F7556}") = "06.06.22", "06.06.22\06.06.22.csproj", "{6910473D-424C-4073-B34D-3D056405BDC2}"
EndProject
Project("{9A19103F-16F7-4668-BE54-9A1E7A4F7556}") = "07.06.22", "07.06.22\07.06.22.csproj", "{4017AFAF-D339-4061-B8B9-B2E127C4C5A2}"
EndProject
Project("{9A19103F-16F7-4668-BE54-9A1E7A4F7556}") = "08.06.22", "08.06.22\08.06.22.csproj", "{54F8E850-1E18-4762-B030-E56FA88C8CE4}"
EndProject
Project("{9A19103F-16F7-4668-BE54-9A1E7A4F7556}") = "09.06.22", "09.06.22\09.06.22.csproj", "{4A8F97F6-8C6B-4859-8892-19A53C226284}"
EndProject
Project("{9A19103F-16F7-4668-BE54-9A1E7A4F7556}") = "12.06.22", "12.06.22\12.06.22.csproj", "{9F2DB704-46C5-469C-BE9C-F6F29D276A03}"
EndProject
Project("{9A19103F-16F7-4668-BE54-9A1E7A4F7556}") = "13.06.22", "13.06.22\13.06.22.csproj", "{E2A18C80-D82B-47B0-AF5C-696CAB1C7604}"
EndProject
Project("{9A19103F-16F7-4668-BE54-9A1E7A4F7556}") = "14.06.22", "14.06.22\14.06.22.csproj", "{3806238F-4A24-40EC-9E04-FF02E5C5B76C}"
EndProject
Project("{9A19103F-16F7-4668-BE54-9A1E7A4F7556}") = "15.06.22", "15.06.22\15.06.22.csproj", "{CB29861F-D3DF-4E8E-BDA6-9C9C753F8C41}"
EndProject
Project("{9A19103F-16F7-4668-BE54-9A1E7A4F7556}") = "16.06.22", "16.06.22\16.06.22.csproj", "{6E66DB8C-DCC4-4E04-897E-9D33E9BC822D}"
EndProject
Project("{9A19103F-16F7-4668-BE54-9A1E7A4F7556}") = "19.06.22", "18.06.22\19.06.22.csproj", "{D838522D-11F4-49A6-9E71-405091505DCC}"
EndProject
Project("{9A19103F-16F7-4668-BE54-9A1E7A4F7556}") = "21.06.22", "21.06.22\21.06.22.csproj", "{E171A4D7-60C9-4C80-A2DE-61717DBF16E9}"
EndProject
Project("{9A19103F-16F7-4668-BE54-9A1E7A4F7556}") = "Recursion", "Recursion\Recursion.csproj", "{465DFCDF-DE1A-4E4E-BD3A-1CCC2C70BACC}"
EndProject
Project("{9A19103F-16F7-4668-BE54-9A1E7A4F7556}") = "24.06.22", "24.06.22\24.06.22.csproj", "{18A51393-00D4-4F1D-B4DD-1FDC087116D9}"
EndProject
Project("{2150E333-8FDC-42A3-9474-1A3956D46DE8}") = "CodeBlog", "CodeBlog", "{7464A008-1076-444C-A006-6A11DF65A336}"
EndProject
Project("{9A19103F-16F7-4668-BE54-9A1E7A4F7556}") = "LinkedList", "LinkedList\LinkedList.csproj", "{B53D826F-7517-4C57-98A2-3B3607996E9A}"
EndProject
Project("{9A19103F-16F7-4668-BE54-9A1E7A4F7556}") = "26.06.22", "26.06.22\26.06.22.csproj", "{B5A860C4-7392-490A-A5EC-94A238D4C153}"
EndProject
Project("{2150E333-8FDC-42A3-9474-1A3956D46DE8}") = "LeetCode", "LeetCode", "{D427C2F0-C340-4E93-92A6-BFC9F01EF281}"
EndProject
Project("{9A19103F-16F7-4668-BE54-9A1E7A4F7556}") = "28.06.22", "28.06.22\28.06.22.csproj", "{2640D61B-D88A-4450-BA13-6E1F5E30AB3D}"
EndProject
Project("{2150E333-8FDC-42A3-9474-1A3956D46DE8}") = "July", "July", "{8BB0E039-9DE6-42FA-B32B-CA08DE16D731}"
EndProject
Project("{9A19103F-16F7-4668-BE54-9A1E7A4F7556}") = "03.07.22", "03.07.22\03.07.22.csproj", "{B969129B-48AF-4867-A5AB-4E73F3387F47}"
EndProject
Project("{2150E333-8FDC-42A3-9474-1A3956D46DE8}") = "Juny", "Juny", "{26F6EE9B-DB52-4D1B-A2F5-A9CD22773468}"
EndProject
Project("{9A19103F-16F7-4668-BE54-9A1E7A4F7556}") = "05.07.22", "05.07.22\05.07.22.csproj", "{37EF154E-87C5-470D-BC53-A100DB244CD3}"
EndProject
Project("{9A19103F-16F7-4668-BE54-9A1E7A4F7556}") = "BinaryTree", "BinaryTree\BinaryTree.csproj", "{39999914-EEBF-41EB-9596-22EA44A87B55}"
EndProject
Project("{9A19103F-16F7-4668-BE54-9A1E7A4F7556}") = "11.07.22", "11.07.22\11.07.22.csproj", "{6FED6B98-D9A5-4E1D-8363-66A363A39450}"
EndProject
Project("{FAE04EC0-301F-11D3-BF4B-00C04F79EFBC}") = "MyTest", "MyTest\MyTest.csproj", "{C41E1290-4A30-4610-A13A-2DA5376D59F5}"
EndProject
Global
	GlobalSection(SolutionConfigurationPlatforms) = preSolution
		Debug|Any CPU = Debug|Any CPU
		Release|Any CPU = Release|Any CPU
	EndGlobalSection
	GlobalSection(ProjectConfigurationPlatforms) = postSolution
		{7363972D-F9CE-4097-95CA-E85EEAEC1A19}.Debug|Any CPU.ActiveCfg = Debug|Any CPU
		{7363972D-F9CE-4097-95CA-E85EEAEC1A19}.Debug|Any CPU.Build.0 = Debug|Any CPU
		{7363972D-F9CE-4097-95CA-E85EEAEC1A19}.Release|Any CPU.ActiveCfg = Release|Any CPU
		{7363972D-F9CE-4097-95CA-E85EEAEC1A19}.Release|Any CPU.Build.0 = Release|Any CPU
		{796A562A-4B4B-4955-B1F8-07F8E546EA8E}.Debug|Any CPU.ActiveCfg = Debug|Any CPU
		{796A562A-4B4B-4955-B1F8-07F8E546EA8E}.Debug|Any CPU.Build.0 = Debug|Any CPU
		{796A562A-4B4B-4955-B1F8-07F8E546EA8E}.Release|Any CPU.ActiveCfg = Release|Any CPU
		{796A562A-4B4B-4955-B1F8-07F8E546EA8E}.Release|Any CPU.Build.0 = Release|Any CPU
		{71F6EF40-EA76-42CA-8186-8FFDA68FE01E}.Debug|Any CPU.ActiveCfg = Debug|Any CPU
		{71F6EF40-EA76-42CA-8186-8FFDA68FE01E}.Debug|Any CPU.Build.0 = Debug|Any CPU
		{71F6EF40-EA76-42CA-8186-8FFDA68FE01E}.Release|Any CPU.ActiveCfg = Release|Any CPU
		{71F6EF40-EA76-42CA-8186-8FFDA68FE01E}.Release|Any CPU.Build.0 = Release|Any CPU
		{09F2E2E9-0A91-480B-BF6A-1392E89BD0A2}.Debug|Any CPU.ActiveCfg = Debug|Any CPU
		{09F2E2E9-0A91-480B-BF6A-1392E89BD0A2}.Debug|Any CPU.Build.0 = Debug|Any CPU
		{09F2E2E9-0A91-480B-BF6A-1392E89BD0A2}.Release|Any CPU.ActiveCfg = Release|Any CPU
		{09F2E2E9-0A91-480B-BF6A-1392E89BD0A2}.Release|Any CPU.Build.0 = Release|Any CPU
		{EBB4771A-42C7-474F-8378-25BCA112CA42}.Debug|Any CPU.ActiveCfg = Debug|Any CPU
		{EBB4771A-42C7-474F-8378-25BCA112CA42}.Debug|Any CPU.Build.0 = Debug|Any CPU
		{EBB4771A-42C7-474F-8378-25BCA112CA42}.Release|Any CPU.ActiveCfg = Release|Any CPU
		{EBB4771A-42C7-474F-8378-25BCA112CA42}.Release|Any CPU.Build.0 = Release|Any CPU
		{9F988F85-E874-45F6-8A66-66E1D85A9E90}.Debug|Any CPU.ActiveCfg = Debug|Any CPU
		{9F988F85-E874-45F6-8A66-66E1D85A9E90}.Debug|Any CPU.Build.0 = Debug|Any CPU
		{9F988F85-E874-45F6-8A66-66E1D85A9E90}.Release|Any CPU.ActiveCfg = Release|Any CPU
		{9F988F85-E874-45F6-8A66-66E1D85A9E90}.Release|Any CPU.Build.0 = Release|Any CPU
		{6910473D-424C-4073-B34D-3D056405BDC2}.Debug|Any CPU.ActiveCfg = Debug|Any CPU
		{6910473D-424C-4073-B34D-3D056405BDC2}.Debug|Any CPU.Build.0 = Debug|Any CPU
		{6910473D-424C-4073-B34D-3D056405BDC2}.Release|Any CPU.ActiveCfg = Release|Any CPU
		{6910473D-424C-4073-B34D-3D056405BDC2}.Release|Any CPU.Build.0 = Release|Any CPU
		{4017AFAF-D339-4061-B8B9-B2E127C4C5A2}.Debug|Any CPU.ActiveCfg = Debug|Any CPU
		{4017AFAF-D339-4061-B8B9-B2E127C4C5A2}.Debug|Any CPU.Build.0 = Debug|Any CPU
		{4017AFAF-D339-4061-B8B9-B2E127C4C5A2}.Release|Any CPU.ActiveCfg = Release|Any CPU
		{4017AFAF-D339-4061-B8B9-B2E127C4C5A2}.Release|Any CPU.Build.0 = Release|Any CPU
		{54F8E850-1E18-4762-B030-E56FA88C8CE4}.Debug|Any CPU.ActiveCfg = Debug|Any CPU
		{54F8E850-1E18-4762-B030-E56FA88C8CE4}.Debug|Any CPU.Build.0 = Debug|Any CPU
		{54F8E850-1E18-4762-B030-E56FA88C8CE4}.Release|Any CPU.ActiveCfg = Release|Any CPU
		{54F8E850-1E18-4762-B030-E56FA88C8CE4}.Release|Any CPU.Build.0 = Release|Any CPU
		{4A8F97F6-8C6B-4859-8892-19A53C226284}.Debug|Any CPU.ActiveCfg = Debug|Any CPU
		{4A8F97F6-8C6B-4859-8892-19A53C226284}.Debug|Any CPU.Build.0 = Debug|Any CPU
		{4A8F97F6-8C6B-4859-8892-19A53C226284}.Release|Any CPU.ActiveCfg = Release|Any CPU
		{4A8F97F6-8C6B-4859-8892-19A53C226284}.Release|Any CPU.Build.0 = Release|Any CPU
		{9F2DB704-46C5-469C-BE9C-F6F29D276A03}.Debug|Any CPU.ActiveCfg = Debug|Any CPU
		{9F2DB704-46C5-469C-BE9C-F6F29D276A03}.Debug|Any CPU.Build.0 = Debug|Any CPU
		{9F2DB704-46C5-469C-BE9C-F6F29D276A03}.Release|Any CPU.ActiveCfg = Release|Any CPU
		{9F2DB704-46C5-469C-BE9C-F6F29D276A03}.Release|Any CPU.Build.0 = Release|Any CPU
		{E2A18C80-D82B-47B0-AF5C-696CAB1C7604}.Debug|Any CPU.ActiveCfg = Debug|Any CPU
		{E2A18C80-D82B-47B0-AF5C-696CAB1C7604}.Debug|Any CPU.Build.0 = Debug|Any CPU
		{E2A18C80-D82B-47B0-AF5C-696CAB1C7604}.Release|Any CPU.ActiveCfg = Release|Any CPU
		{E2A18C80-D82B-47B0-AF5C-696CAB1C7604}.Release|Any CPU.Build.0 = Release|Any CPU
		{3806238F-4A24-40EC-9E04-FF02E5C5B76C}.Debug|Any CPU.ActiveCfg = Debug|Any CPU
		{3806238F-4A24-40EC-9E04-FF02E5C5B76C}.Debug|Any CPU.Build.0 = Debug|Any CPU
		{3806238F-4A24-40EC-9E04-FF02E5C5B76C}.Release|Any CPU.ActiveCfg = Release|Any CPU
		{3806238F-4A24-40EC-9E04-FF02E5C5B76C}.Release|Any CPU.Build.0 = Release|Any CPU
		{CB29861F-D3DF-4E8E-BDA6-9C9C753F8C41}.Debug|Any CPU.ActiveCfg = Debug|Any CPU
		{CB29861F-D3DF-4E8E-BDA6-9C9C753F8C41}.Debug|Any CPU.Build.0 = Debug|Any CPU
		{CB29861F-D3DF-4E8E-BDA6-9C9C753F8C41}.Release|Any CPU.ActiveCfg = Release|Any CPU
		{CB29861F-D3DF-4E8E-BDA6-9C9C753F8C41}.Release|Any CPU.Build.0 = Release|Any CPU
		{6E66DB8C-DCC4-4E04-897E-9D33E9BC822D}.Debug|Any CPU.ActiveCfg = Debug|Any CPU
		{6E66DB8C-DCC4-4E04-897E-9D33E9BC822D}.Debug|Any CPU.Build.0 = Debug|Any CPU
		{6E66DB8C-DCC4-4E04-897E-9D33E9BC822D}.Release|Any CPU.ActiveCfg = Release|Any CPU
		{6E66DB8C-DCC4-4E04-897E-9D33E9BC822D}.Release|Any CPU.Build.0 = Release|Any CPU
		{D838522D-11F4-49A6-9E71-405091505DCC}.Debug|Any CPU.ActiveCfg = Debug|Any CPU
		{D838522D-11F4-49A6-9E71-405091505DCC}.Debug|Any CPU.Build.0 = Debug|Any CPU
		{D838522D-11F4-49A6-9E71-405091505DCC}.Release|Any CPU.ActiveCfg = Release|Any CPU
		{D838522D-11F4-49A6-9E71-405091505DCC}.Release|Any CPU.Build.0 = Release|Any CPU
		{E171A4D7-60C9-4C80-A2DE-61717DBF16E9}.Debug|Any CPU.ActiveCfg = Debug|Any CPU
		{E171A4D7-60C9-4C80-A2DE-61717DBF16E9}.Debug|Any CPU.Build.0 = Debug|Any CPU
		{E171A4D7-60C9-4C80-A2DE-61717DBF16E9}.Release|Any CPU.ActiveCfg = Release|Any CPU
		{E171A4D7-60C9-4C80-A2DE-61717DBF16E9}.Release|Any CPU.Build.0 = Release|Any CPU
		{465DFCDF-DE1A-4E4E-BD3A-1CCC2C70BACC}.Debug|Any CPU.ActiveCfg = Debug|Any CPU
		{465DFCDF-DE1A-4E4E-BD3A-1CCC2C70BACC}.Debug|Any CPU.Build.0 = Debug|Any CPU
		{465DFCDF-DE1A-4E4E-BD3A-1CCC2C70BACC}.Release|Any CPU.ActiveCfg = Release|Any CPU
		{465DFCDF-DE1A-4E4E-BD3A-1CCC2C70BACC}.Release|Any CPU.Build.0 = Release|Any CPU
		{18A51393-00D4-4F1D-B4DD-1FDC087116D9}.Debug|Any CPU.ActiveCfg = Debug|Any CPU
		{18A51393-00D4-4F1D-B4DD-1FDC087116D9}.Debug|Any CPU.Build.0 = Debug|Any CPU
		{18A51393-00D4-4F1D-B4DD-1FDC087116D9}.Release|Any CPU.ActiveCfg = Release|Any CPU
		{18A51393-00D4-4F1D-B4DD-1FDC087116D9}.Release|Any CPU.Build.0 = Release|Any CPU
		{B53D826F-7517-4C57-98A2-3B3607996E9A}.Debug|Any CPU.ActiveCfg = Debug|Any CPU
		{B53D826F-7517-4C57-98A2-3B3607996E9A}.Debug|Any CPU.Build.0 = Debug|Any CPU
		{B53D826F-7517-4C57-98A2-3B3607996E9A}.Release|Any CPU.ActiveCfg = Release|Any CPU
		{B53D826F-7517-4C57-98A2-3B3607996E9A}.Release|Any CPU.Build.0 = Release|Any CPU
		{B5A860C4-7392-490A-A5EC-94A238D4C153}.Debug|Any CPU.ActiveCfg = Debug|Any CPU
		{B5A860C4-7392-490A-A5EC-94A238D4C153}.Debug|Any CPU.Build.0 = Debug|Any CPU
		{B5A860C4-7392-490A-A5EC-94A238D4C153}.Release|Any CPU.ActiveCfg = Release|Any CPU
		{B5A860C4-7392-490A-A5EC-94A238D4C153}.Release|Any CPU.Build.0 = Release|Any CPU
		{2640D61B-D88A-4450-BA13-6E1F5E30AB3D}.Debug|Any CPU.ActiveCfg = Debug|Any CPU
		{2640D61B-D88A-4450-BA13-6E1F5E30AB3D}.Debug|Any CPU.Build.0 = Debug|Any CPU
		{2640D61B-D88A-4450-BA13-6E1F5E30AB3D}.Release|Any CPU.ActiveCfg = Release|Any CPU
		{2640D61B-D88A-4450-BA13-6E1F5E30AB3D}.Release|Any CPU.Build.0 = Release|Any CPU
		{B969129B-48AF-4867-A5AB-4E73F3387F47}.Debug|Any CPU.ActiveCfg = Debug|Any CPU
		{B969129B-48AF-4867-A5AB-4E73F3387F47}.Debug|Any CPU.Build.0 = Debug|Any CPU
		{B969129B-48AF-4867-A5AB-4E73F3387F47}.Release|Any CPU.ActiveCfg = Release|Any CPU
		{B969129B-48AF-4867-A5AB-4E73F3387F47}.Release|Any CPU.Build.0 = Release|Any CPU
		{37EF154E-87C5-470D-BC53-A100DB244CD3}.Debug|Any CPU.ActiveCfg = Debug|Any CPU
		{37EF154E-87C5-470D-BC53-A100DB244CD3}.Debug|Any CPU.Build.0 = Debug|Any CPU
		{37EF154E-87C5-470D-BC53-A100DB244CD3}.Release|Any CPU.ActiveCfg = Release|Any CPU
		{37EF154E-87C5-470D-BC53-A100DB244CD3}.Release|Any CPU.Build.0 = Release|Any CPU
		{39999914-EEBF-41EB-9596-22EA44A87B55}.Debug|Any CPU.ActiveCfg = Debug|Any CPU
		{39999914-EEBF-41EB-9596-22EA44A87B55}.Debug|Any CPU.Build.0 = Debug|Any CPU
		{39999914-EEBF-41EB-9596-22EA44A87B55}.Release|Any CPU.ActiveCfg = Release|Any CPU
		{39999914-EEBF-41EB-9596-22EA44A87B55}.Release|Any CPU.Build.0 = Release|Any CPU
		{6FED6B98-D9A5-4E1D-8363-66A363A39450}.Debug|Any CPU.ActiveCfg = Debug|Any CPU
		{6FED6B98-D9A5-4E1D-8363-66A363A39450}.Debug|Any CPU.Build.0 = Debug|Any CPU
		{6FED6B98-D9A5-4E1D-8363-66A363A39450}.Release|Any CPU.ActiveCfg = Release|Any CPU
		{6FED6B98-D9A5-4E1D-8363-66A363A39450}.Release|Any CPU.Build.0 = Release|Any CPU
		{C41E1290-4A30-4610-A13A-2DA5376D59F5}.Debug|Any CPU.ActiveCfg = Debug|Any CPU
		{C41E1290-4A30-4610-A13A-2DA5376D59F5}.Debug|Any CPU.Build.0 = Debug|Any CPU
		{C41E1290-4A30-4610-A13A-2DA5376D59F5}.Release|Any CPU.ActiveCfg = Release|Any CPU
		{C41E1290-4A30-4610-A13A-2DA5376D59F5}.Release|Any CPU.Build.0 = Release|Any CPU
	EndGlobalSection
	GlobalSection(SolutionProperties) = preSolution
		HideSolutionNode = FALSE
	EndGlobalSection
	GlobalSection(NestedProjects) = preSolution
		{EBB4771A-42C7-474F-8378-25BCA112CA42} = {26F6EE9B-DB52-4D1B-A2F5-A9CD22773468}
		{9F988F85-E874-45F6-8A66-66E1D85A9E90} = {26F6EE9B-DB52-4D1B-A2F5-A9CD22773468}
		{6910473D-424C-4073-B34D-3D056405BDC2} = {26F6EE9B-DB52-4D1B-A2F5-A9CD22773468}
		{4017AFAF-D339-4061-B8B9-B2E127C4C5A2} = {26F6EE9B-DB52-4D1B-A2F5-A9CD22773468}
		{54F8E850-1E18-4762-B030-E56FA88C8CE4} = {26F6EE9B-DB52-4D1B-A2F5-A9CD22773468}
		{4A8F97F6-8C6B-4859-8892-19A53C226284} = {26F6EE9B-DB52-4D1B-A2F5-A9CD22773468}
		{9F2DB704-46C5-469C-BE9C-F6F29D276A03} = {26F6EE9B-DB52-4D1B-A2F5-A9CD22773468}
		{E2A18C80-D82B-47B0-AF5C-696CAB1C7604} = {26F6EE9B-DB52-4D1B-A2F5-A9CD22773468}
		{3806238F-4A24-40EC-9E04-FF02E5C5B76C} = {26F6EE9B-DB52-4D1B-A2F5-A9CD22773468}
		{CB29861F-D3DF-4E8E-BDA6-9C9C753F8C41} = {26F6EE9B-DB52-4D1B-A2F5-A9CD22773468}
		{6E66DB8C-DCC4-4E04-897E-9D33E9BC822D} = {26F6EE9B-DB52-4D1B-A2F5-A9CD22773468}
		{D838522D-11F4-49A6-9E71-405091505DCC} = {26F6EE9B-DB52-4D1B-A2F5-A9CD22773468}
		{E171A4D7-60C9-4C80-A2DE-61717DBF16E9} = {26F6EE9B-DB52-4D1B-A2F5-A9CD22773468}
		{18A51393-00D4-4F1D-B4DD-1FDC087116D9} = {26F6EE9B-DB52-4D1B-A2F5-A9CD22773468}
		{B53D826F-7517-4C57-98A2-3B3607996E9A} = {7464A008-1076-444C-A006-6A11DF65A336}
		{B5A860C4-7392-490A-A5EC-94A238D4C153} = {26F6EE9B-DB52-4D1B-A2F5-A9CD22773468}
		{2640D61B-D88A-4450-BA13-6E1F5E30AB3D} = {D427C2F0-C340-4E93-92A6-BFC9F01EF281}
		{B969129B-48AF-4867-A5AB-4E73F3387F47} = {8BB0E039-9DE6-42FA-B32B-CA08DE16D731}
		{37EF154E-87C5-470D-BC53-A100DB244CD3} = {8BB0E039-9DE6-42FA-B32B-CA08DE16D731}
		{39999914-EEBF-41EB-9596-22EA44A87B55} = {8BB0E039-9DE6-42FA-B32B-CA08DE16D731}
		{6FED6B98-D9A5-4E1D-8363-66A363A39450} = {8BB0E039-9DE6-42FA-B32B-CA08DE16D731}
	EndGlobalSection
	GlobalSection(ExtensibilityGlobals) = postSolution
		SolutionGuid = {881C2D19-E008-436B-8A48-E46655028DEE}
	EndGlobalSection
EndGlobal
